
Microsoft Visual Studio Solution File, Format Version 12.00
# Visual Studio Version 16
VisualStudioVersion = 16.0.31729.503
MinimumVisualStudioVersion = 10.0.40219.1
Project("{9A19103F-16F7-4668-BE54-9A1E7A4F7556}") = "ToDo_Assignment", "ToDo_Assignment.csproj", "{FB9594A0-826E-4A56-84B6-E6EAFEEBD091}"
EndProject
Project("{FAE04EC0-301F-11D3-BF4B-00C04F79EFBC}") = "ToDoo.Dal", "..\ToDoo.Dal\ToDoo.Dal.csproj", "{35969C49-BA7D-4CA9-909F-3A4EE4161345}"
EndProject
Global
	GlobalSection(SolutionConfigurationPlatforms) = preSolution
		Debug|Any CPU = Debug|Any CPU
		Release|Any CPU = Release|Any CPU
	EndGlobalSection
	GlobalSection(ProjectConfigurationPlatforms) = postSolution
		{FB9594A0-826E-4A56-84B6-E6EAFEEBD091}.Debug|Any CPU.ActiveCfg = Debug|Any CPU
		{FB9594A0-826E-4A56-84B6-E6EAFEEBD091}.Debug|Any CPU.Build.0 = Debug|Any CPU
		{FB9594A0-826E-4A56-84B6-E6EAFEEBD091}.Release|Any CPU.ActiveCfg = Release|Any CPU
		{FB9594A0-826E-4A56-84B6-E6EAFEEBD091}.Release|Any CPU.Build.0 = Release|Any CPU
		{35969C49-BA7D-4CA9-909F-3A4EE4161345}.Debug|Any CPU.ActiveCfg = Debug|Any CPU
		{35969C49-BA7D-4CA9-909F-3A4EE4161345}.Debug|Any CPU.Build.0 = Debug|Any CPU
		{35969C49-BA7D-4CA9-909F-3A4EE4161345}.Release|Any CPU.ActiveCfg = Release|Any CPU
		{35969C49-BA7D-4CA9-909F-3A4EE4161345}.Release|Any CPU.Build.0 = Release|Any CPU
	EndGlobalSection
	GlobalSection(SolutionProperties) = preSolution
		HideSolutionNode = FALSE
	EndGlobalSection
	GlobalSection(ExtensibilityGlobals) = postSolution
		SolutionGuid = {AEA7E901-E485-4FE4-9910-934A538BBD87}
	EndGlobalSection
EndGlobal
