
Microsoft Visual Studio Solution File, Format Version 12.00
# Visual Studio Version 17
VisualStudioVersion = 17.5.002.0
MinimumVisualStudioVersion = 10.0.40219.1
Project("{9A19103F-16F7-4668-BE54-9A1E7A4F7556}") = "Signal_R", "Signal_R.csproj", "{9094ABD1-88A9-4427-B0A5-7FE484EBCB2F}"
EndProject
Global
	GlobalSection(SolutionConfigurationPlatforms) = preSolution
		Debug|Any CPU = Debug|Any CPU
		Release|Any CPU = Release|Any CPU
	EndGlobalSection
	GlobalSection(ProjectConfigurationPlatforms) = postSolution
		{9094ABD1-88A9-4427-B0A5-7FE484EBCB2F}.Debug|Any CPU.ActiveCfg = Debug|Any CPU
		{9094ABD1-88A9-4427-B0A5-7FE484EBCB2F}.Debug|Any CPU.Build.0 = Debug|Any CPU
		{9094ABD1-88A9-4427-B0A5-7FE484EBCB2F}.Release|Any CPU.ActiveCfg = Release|Any CPU
		{9094ABD1-88A9-4427-B0A5-7FE484EBCB2F}.Release|Any CPU.Build.0 = Release|Any CPU
	EndGlobalSection
	GlobalSection(SolutionProperties) = preSolution
		HideSolutionNode = FALSE
	EndGlobalSection
	GlobalSection(ExtensibilityGlobals) = postSolution
		SolutionGuid = {CEE74832-6C42-4BFC-8064-6D7DD1CCC643}
	EndGlobalSection
EndGlobal
