
Microsoft Visual Studio Solution File, Format Version 12.00
# Visual Studio Version 17
VisualStudioVersion = 17.13.35818.85
MinimumVisualStudioVersion = 10.0.40219.1
Project("{2150E333-8FDC-42A3-9474-1A3956D46DE8}") = "Services", "Services", "{02EA681E-C7D8-13C7-8484-4AC65E1B71E8}"
EndProject
Project("{2150E333-8FDC-42A3-9474-1A3956D46DE8}") = "BuildingBlock", "BuildingBlock", "{26DC4F44-9E8B-429E-873A-0F865F8BEF1E}"
EndProject
Project("{FAE04EC0-301F-11D3-BF4B-00C04F79EFBC}") = "BuildingBlock", "BuildingBlock\BuildingBlock\BuildingBlock.csproj", "{7A859723-1323-43AD-AE61-DA33B2EF5F33}"
EndProject
Project("{E53339B2-1760-4266-BCC7-CA923CBCF16C}") = "docker-compose", "docker-compose.dcproj", "{81DDED9D-158B-E303-5F62-77A2896D2A5A}"
EndProject
Project("{2150E333-8FDC-42A3-9474-1A3956D46DE8}") = "Basket", "Basket", "{A1ADCACC-4DE3-4C61-9A76-7C2E68115ACB}"
EndProject
Project("{FAE04EC0-301F-11D3-BF4B-00C04F79EFBC}") = "Basket.API", "Services\Basket\Basket.API\Basket.API.csproj", "{67C29593-C383-466A-B2E6-0E0E0406E638}"
EndProject
Project("{FAE04EC0-301F-11D3-BF4B-00C04F79EFBC}") = "BuildingBlock.Messaging", "BuildingBlock\BuildingBlock.Messaging\BuildingBlock.Messaging.csproj", "{E62BD306-4F80-40C7-ACDC-21C2D24489DC}"
EndProject
Project("{2150E333-8FDC-42A3-9474-1A3956D46DE8}") = "Discount", "Discount", "{28211793-DEF1-4615-BBD5-ED9F9F91BF83}"
EndProject
Project("{FAE04EC0-301F-11D3-BF4B-00C04F79EFBC}") = "Discount.Grpc", "Services\Discount\Discount.Grpc\Discount.Grpc.csproj", "{DE05AA7A-3DE6-789B-E477-765967CC5C57}"
EndProject
Global
	GlobalSection(SolutionConfigurationPlatforms) = preSolution
		Debug|Any CPU = Debug|Any CPU
		Release|Any CPU = Release|Any CPU
	EndGlobalSection
	GlobalSection(ProjectConfigurationPlatforms) = postSolution
		{7A859723-1323-43AD-AE61-DA33B2EF5F33}.Debug|Any CPU.ActiveCfg = Debug|Any CPU
		{7A859723-1323-43AD-AE61-DA33B2EF5F33}.Debug|Any CPU.Build.0 = Debug|Any CPU
		{7A859723-1323-43AD-AE61-DA33B2EF5F33}.Release|Any CPU.ActiveCfg = Release|Any CPU
		{7A859723-1323-43AD-AE61-DA33B2EF5F33}.Release|Any CPU.Build.0 = Release|Any CPU
		{81DDED9D-158B-E303-5F62-77A2896D2A5A}.Debug|Any CPU.ActiveCfg = Debug|Any CPU
		{81DDED9D-158B-E303-5F62-77A2896D2A5A}.Debug|Any CPU.Build.0 = Debug|Any CPU
		{81DDED9D-158B-E303-5F62-77A2896D2A5A}.Release|Any CPU.ActiveCfg = Release|Any CPU
		{81DDED9D-158B-E303-5F62-77A2896D2A5A}.Release|Any CPU.Build.0 = Release|Any CPU
		{67C29593-C383-466A-B2E6-0E0E0406E638}.Debug|Any CPU.ActiveCfg = Debug|Any CPU
		{67C29593-C383-466A-B2E6-0E0E0406E638}.Debug|Any CPU.Build.0 = Debug|Any CPU
		{67C29593-C383-466A-B2E6-0E0E0406E638}.Release|Any CPU.ActiveCfg = Release|Any CPU
		{67C29593-C383-466A-B2E6-0E0E0406E638}.Release|Any CPU.Build.0 = Release|Any CPU
		{E62BD306-4F80-40C7-ACDC-21C2D24489DC}.Debug|Any CPU.ActiveCfg = Debug|Any CPU
		{E62BD306-4F80-40C7-ACDC-21C2D24489DC}.Debug|Any CPU.Build.0 = Debug|Any CPU
		{E62BD306-4F80-40C7-ACDC-21C2D24489DC}.Release|Any CPU.ActiveCfg = Release|Any CPU
		{E62BD306-4F80-40C7-ACDC-21C2D24489DC}.Release|Any CPU.Build.0 = Release|Any CPU
		{DE05AA7A-3DE6-789B-E477-765967CC5C57}.Debug|Any CPU.ActiveCfg = Debug|Any CPU
		{DE05AA7A-3DE6-789B-E477-765967CC5C57}.Debug|Any CPU.Build.0 = Debug|Any CPU
		{DE05AA7A-3DE6-789B-E477-765967CC5C57}.Release|Any CPU.ActiveCfg = Release|Any CPU
		{DE05AA7A-3DE6-789B-E477-765967CC5C57}.Release|Any CPU.Build.0 = Release|Any CPU
	EndGlobalSection
	GlobalSection(SolutionProperties) = preSolution
		HideSolutionNode = FALSE
	EndGlobalSection
	GlobalSection(NestedProjects) = preSolution
		{7A859723-1323-43AD-AE61-DA33B2EF5F33} = {26DC4F44-9E8B-429E-873A-0F865F8BEF1E}
		{A1ADCACC-4DE3-4C61-9A76-7C2E68115ACB} = {02EA681E-C7D8-13C7-8484-4AC65E1B71E8}
		{67C29593-C383-466A-B2E6-0E0E0406E638} = {A1ADCACC-4DE3-4C61-9A76-7C2E68115ACB}
		{E62BD306-4F80-40C7-ACDC-21C2D24489DC} = {26DC4F44-9E8B-429E-873A-0F865F8BEF1E}
		{28211793-DEF1-4615-BBD5-ED9F9F91BF83} = {02EA681E-C7D8-13C7-8484-4AC65E1B71E8}
		{DE05AA7A-3DE6-789B-E477-765967CC5C57} = {28211793-DEF1-4615-BBD5-ED9F9F91BF83}
	EndGlobalSection
	GlobalSection(ExtensibilityGlobals) = postSolution
		SolutionGuid = {C6263916-ECD8-4121-AED7-23BC9297A5BD}
	EndGlobalSection
EndGlobal
