Microsoft Visual Studio Solution File, Format Version 12.00
# Visual Studio Version 17
VisualStudioVersion = 17.5.2.0
MinimumVisualStudioVersion = 10.0.40219.1
Project("{FAE04EC0-301F-11D3-BF4B-00C04F79EFBC}") = "Shopping.Web", "Shopping.Web.csproj", "{AB7E9021-952A-D0F2-ED78-52FA34D09A57}"
EndProject
Global
	GlobalSection(SolutionConfigurationPlatforms) = preSolution
		Debug|Any CPU = Debug|Any CPU
		Release|Any CPU = Release|Any CPU
	EndGlobalSection
	GlobalSection(ProjectConfigurationPlatforms) = postSolution
		{AB7E9021-952A-D0F2-ED78-52FA34D09A57}.Debug|Any CPU.ActiveCfg = Debug|Any CPU
		{AB7E9021-952A-D0F2-ED78-52FA34D09A57}.Debug|Any CPU.Build.0 = Debug|Any CPU
		{AB7E9021-952A-D0F2-ED78-52FA34D09A57}.Release|Any CPU.ActiveCfg = Release|Any CPU
		{AB7E9021-952A-D0F2-ED78-52FA34D09A57}.Release|Any CPU.Build.0 = Release|Any CPU
	EndGlobalSection
	GlobalSection(SolutionProperties) = preSolution
		HideSolutionNode = FALSE
	EndGlobalSection
	GlobalSection(ExtensibilityGlobals) = postSolution
		SolutionGuid = {3E0D808D-856B-49F9-8DE5-74859C2A9954}
	EndGlobalSection
EndGlobal
