Microsoft Visual Studio Solution File, Format Version 12.00
# Visual Studio Version 17
VisualStudioVersion = 17.5.2.0
MinimumVisualStudioVersion = 10.0.40219.1
Project("{FAE04EC0-301F-11D3-BF4B-00C04F79EFBC}") = "Basket.API", "Basket.API.csproj", "{B138D766-AE72-BEA6-3824-15AB5DF25B07}"
EndProject
Global
	GlobalSection(SolutionConfigurationPlatforms) = preSolution
		Debug|Any CPU = Debug|Any CPU
		Release|Any CPU = Release|Any CPU
	EndGlobalSection
	GlobalSection(ProjectConfigurationPlatforms) = postSolution
		{B138D766-AE72-BEA6-3824-15AB5DF25B07}.Debug|Any CPU.ActiveCfg = Debug|Any CPU
		{B138D766-AE72-BEA6-3824-15AB5DF25B07}.Debug|Any CPU.Build.0 = Debug|Any CPU
		{B138D766-AE72-BEA6-3824-15AB5DF25B07}.Release|Any CPU.ActiveCfg = Release|Any CPU
		{B138D766-AE72-BEA6-3824-15AB5DF25B07}.Release|Any CPU.Build.0 = Release|Any CPU
	EndGlobalSection
	GlobalSection(SolutionProperties) = preSolution
		HideSolutionNode = FALSE
	EndGlobalSection
	GlobalSection(ExtensibilityGlobals) = postSolution
		SolutionGuid = {A3BA1B10-79F2-42D4-832D-031BDFE7023F}
	EndGlobalSection
EndGlobal
