
Microsoft Visual Studio Solution File, Format Version 12.00
# Visual Studio Version 17
VisualStudioVersion = 17.13.35818.85
MinimumVisualStudioVersion = 10.0.40219.1
Project("{E53339B2-1760-4266-BCC7-CA923CBCF16C}") = "docker-compose", "docker-compose.dcproj", "{81DDED9D-158B-E303-5F62-77A2896D2A5A}"
EndProject
Project("{2150E333-8FDC-42A3-9474-1A3956D46DE8}") = "APiGateway", "APiGateway", "{3B013E92-3416-4C8D-AE6E-ED0AEB606FAD}"
EndProject
Project("{FAE04EC0-301F-11D3-BF4B-00C04F79EFBC}") = "YarpAPIGateway", "APiGateway\YarpAPIGateway\YarpAPIGateway.csproj", "{824D2CB9-7BFE-4AAF-A6EC-2F24B77AECE3}"
EndProject
Global
	GlobalSection(SolutionConfigurationPlatforms) = preSolution
		Debug|Any CPU = Debug|Any CPU
		Release|Any CPU = Release|Any CPU
	EndGlobalSection
	GlobalSection(ProjectConfigurationPlatforms) = postSolution
		{81DDED9D-158B-E303-5F62-77A2896D2A5A}.Debug|Any CPU.ActiveCfg = Debug|Any CPU
		{81DDED9D-158B-E303-5F62-77A2896D2A5A}.Debug|Any CPU.Build.0 = Debug|Any CPU
		{81DDED9D-158B-E303-5F62-77A2896D2A5A}.Release|Any CPU.ActiveCfg = Release|Any CPU
		{81DDED9D-158B-E303-5F62-77A2896D2A5A}.Release|Any CPU.Build.0 = Release|Any CPU
		{824D2CB9-7BFE-4AAF-A6EC-2F24B77AECE3}.Debug|Any CPU.ActiveCfg = Debug|Any CPU
		{824D2CB9-7BFE-4AAF-A6EC-2F24B77AECE3}.Debug|Any CPU.Build.0 = Debug|Any CPU
		{824D2CB9-7BFE-4AAF-A6EC-2F24B77AECE3}.Release|Any CPU.ActiveCfg = Release|Any CPU
		{824D2CB9-7BFE-4AAF-A6EC-2F24B77AECE3}.Release|Any CPU.Build.0 = Release|Any CPU
	EndGlobalSection
	GlobalSection(SolutionProperties) = preSolution
		HideSolutionNode = FALSE
	EndGlobalSection
	GlobalSection(NestedProjects) = preSolution
		{824D2CB9-7BFE-4AAF-A6EC-2F24B77AECE3} = {3B013E92-3416-4C8D-AE6E-ED0AEB606FAD}
	EndGlobalSection
	GlobalSection(ExtensibilityGlobals) = postSolution
		SolutionGuid = {C6263916-ECD8-4121-AED7-23BC9297A5BD}
	EndGlobalSection
EndGlobal
