
Microsoft Visual Studio Solution File, Format Version 12.00
# Visual Studio Version 17
VisualStudioVersion = 17.13.35818.85
MinimumVisualStudioVersion = 10.0.40219.1
Project("{2150E333-8FDC-42A3-9474-1A3956D46DE8}") = "Services", "Services", "{02EA681E-C7D8-13C7-8484-4AC65E1B71E8}"
EndProject
Project("{2150E333-8FDC-42A3-9474-1A3956D46DE8}") = "Catalog", "Catalog", "{FE6B5C9D-1A86-43E9-9B5E-55A4F060A7A6}"
EndProject
Project("{FAE04EC0-301F-11D3-BF4B-00C04F79EFBC}") = "Catalog.API", "Services\Catalog\Catalog.API\Catalog.API.csproj", "{21D4D7F0-CF3B-459E-8E5F-41A41DF6DABD}"
EndProject
Project("{2150E333-8FDC-42A3-9474-1A3956D46DE8}") = "BuildingBlock", "BuildingBlock", "{26DC4F44-9E8B-429E-873A-0F865F8BEF1E}"
EndProject
Project("{FAE04EC0-301F-11D3-BF4B-00C04F79EFBC}") = "BuildingBlock", "BuildingBlock\BuildingBlock\BuildingBlock.csproj", "{7A859723-1323-43AD-AE61-DA33B2EF5F33}"
EndProject
Project("{E53339B2-1760-4266-BCC7-CA923CBCF16C}") = "docker-compose", "docker-compose.dcproj", "{81DDED9D-158B-E303-5F62-77A2896D2A5A}"
EndProject
Project("{2150E333-8FDC-42A3-9474-1A3956D46DE8}") = "Basket", "Basket", "{A1ADCACC-4DE3-4C61-9A76-7C2E68115ACB}"
EndProject
Project("{FAE04EC0-301F-11D3-BF4B-00C04F79EFBC}") = "Basket.API", "Services\Basket\Basket.API\Basket.API.csproj", "{67C29593-C383-466A-B2E6-0E0E0406E638}"
EndProject
Project("{2150E333-8FDC-42A3-9474-1A3956D46DE8}") = "Discount", "Discount", "{67D1186D-A5F2-43A7-8B87-0086BA2D0DEB}"
EndProject
Project("{FAE04EC0-301F-11D3-BF4B-00C04F79EFBC}") = "Discount.Grpc", "Services\Discount\Discount.Grpc\Discount.Grpc.csproj", "{A6D371C7-878C-4707-8200-7A4921DAB38F}"
EndProject
Project("{2150E333-8FDC-42A3-9474-1A3956D46DE8}") = "Order", "Order", "{679D3128-00B8-4A29-BD80-50A55BD2D6DD}"
EndProject
Project("{FAE04EC0-301F-11D3-BF4B-00C04F79EFBC}") = "Ordering.API", "Services\Order\Order.API\Ordering.API.csproj", "{ACEBB4B6-936E-4E57-A772-5FAB11F05625}"
EndProject
Project("{FAE04EC0-301F-11D3-BF4B-00C04F79EFBC}") = "Ordering.Domain", "Services\Order\Order.Domain\Ordering.Domain.csproj", "{71872570-460B-4CAA-A961-F454148A9E51}"
EndProject
Project("{FAE04EC0-301F-11D3-BF4B-00C04F79EFBC}") = "Ordering.Application", "Services\Order\Order.Application\Ordering.Application.csproj", "{9172A1CA-C043-478B-A2D1-1C6961DB99D7}"
EndProject
Project("{FAE04EC0-301F-11D3-BF4B-00C04F79EFBC}") = "Ordering.Infrastructure", "Services\Order\Order.Infrastructure\Ordering.Infrastructure.csproj", "{61325E5F-FA6B-43C9-A96B-2BF3A6479944}"
EndProject
Project("{FAE04EC0-301F-11D3-BF4B-00C04F79EFBC}") = "BuildingBlock.Messaging", "BuildingBlock\BuildingBlock.Messaging\BuildingBlock.Messaging.csproj", "{E62BD306-4F80-40C7-ACDC-21C2D24489DC}"
EndProject
Project("{2150E333-8FDC-42A3-9474-1A3956D46DE8}") = "APiGateway", "APiGateway", "{3B013E92-3416-4C8D-AE6E-ED0AEB606FAD}"
EndProject
Project("{FAE04EC0-301F-11D3-BF4B-00C04F79EFBC}") = "YarpAPIGateway", "APiGateway\YarpAPIGateway\YarpAPIGateway.csproj", "{824D2CB9-7BFE-4AAF-A6EC-2F24B77AECE3}"
EndProject
Project("{2150E333-8FDC-42A3-9474-1A3956D46DE8}") = "WebApps", "WebApps", "{FEC2C0A1-E70C-4951-AB2A-4B5AEAE71DBF}"
EndProject
Project("{FAE04EC0-301F-11D3-BF4B-00C04F79EFBC}") = "Shopping.Web", "WebApps\Shopping.Web\Shopping.Web.csproj", "{9D9AB28F-0ACA-471D-BB88-BF793CA088B7}"
EndProject
Global
	GlobalSection(SolutionConfigurationPlatforms) = preSolution
		Debug|Any CPU = Debug|Any CPU
		Release|Any CPU = Release|Any CPU
	EndGlobalSection
	GlobalSection(ProjectConfigurationPlatforms) = postSolution
		{21D4D7F0-CF3B-459E-8E5F-41A41DF6DABD}.Debug|Any CPU.ActiveCfg = Debug|Any CPU
		{21D4D7F0-CF3B-459E-8E5F-41A41DF6DABD}.Debug|Any CPU.Build.0 = Debug|Any CPU
		{21D4D7F0-CF3B-459E-8E5F-41A41DF6DABD}.Release|Any CPU.ActiveCfg = Release|Any CPU
		{21D4D7F0-CF3B-459E-8E5F-41A41DF6DABD}.Release|Any CPU.Build.0 = Release|Any CPU
		{7A859723-1323-43AD-AE61-DA33B2EF5F33}.Debug|Any CPU.ActiveCfg = Debug|Any CPU
		{7A859723-1323-43AD-AE61-DA33B2EF5F33}.Debug|Any CPU.Build.0 = Debug|Any CPU
		{7A859723-1323-43AD-AE61-DA33B2EF5F33}.Release|Any CPU.ActiveCfg = Release|Any CPU
		{7A859723-1323-43AD-AE61-DA33B2EF5F33}.Release|Any CPU.Build.0 = Release|Any CPU
		{81DDED9D-158B-E303-5F62-77A2896D2A5A}.Debug|Any CPU.ActiveCfg = Debug|Any CPU
		{81DDED9D-158B-E303-5F62-77A2896D2A5A}.Debug|Any CPU.Build.0 = Debug|Any CPU
		{81DDED9D-158B-E303-5F62-77A2896D2A5A}.Release|Any CPU.ActiveCfg = Release|Any CPU
		{81DDED9D-158B-E303-5F62-77A2896D2A5A}.Release|Any CPU.Build.0 = Release|Any CPU
		{67C29593-C383-466A-B2E6-0E0E0406E638}.Debug|Any CPU.ActiveCfg = Debug|Any CPU
		{67C29593-C383-466A-B2E6-0E0E0406E638}.Debug|Any CPU.Build.0 = Debug|Any CPU
		{67C29593-C383-466A-B2E6-0E0E0406E638}.Release|Any CPU.ActiveCfg = Release|Any CPU
		{67C29593-C383-466A-B2E6-0E0E0406E638}.Release|Any CPU.Build.0 = Release|Any CPU
		{A6D371C7-878C-4707-8200-7A4921DAB38F}.Debug|Any CPU.ActiveCfg = Debug|Any CPU
		{A6D371C7-878C-4707-8200-7A4921DAB38F}.Debug|Any CPU.Build.0 = Debug|Any CPU
		{A6D371C7-878C-4707-8200-7A4921DAB38F}.Release|Any CPU.ActiveCfg = Release|Any CPU
		{A6D371C7-878C-4707-8200-7A4921DAB38F}.Release|Any CPU.Build.0 = Release|Any CPU
		{ACEBB4B6-936E-4E57-A772-5FAB11F05625}.Debug|Any CPU.ActiveCfg = Debug|Any CPU
		{ACEBB4B6-936E-4E57-A772-5FAB11F05625}.Debug|Any CPU.Build.0 = Debug|Any CPU
		{ACEBB4B6-936E-4E57-A772-5FAB11F05625}.Release|Any CPU.ActiveCfg = Release|Any CPU
		{ACEBB4B6-936E-4E57-A772-5FAB11F05625}.Release|Any CPU.Build.0 = Release|Any CPU
		{71872570-460B-4CAA-A961-F454148A9E51}.Debug|Any CPU.ActiveCfg = Debug|Any CPU
		{71872570-460B-4CAA-A961-F454148A9E51}.Debug|Any CPU.Build.0 = Debug|Any CPU
		{71872570-460B-4CAA-A961-F454148A9E51}.Release|Any CPU.ActiveCfg = Release|Any CPU
		{71872570-460B-4CAA-A961-F454148A9E51}.Release|Any CPU.Build.0 = Release|Any CPU
		{9172A1CA-C043-478B-A2D1-1C6961DB99D7}.Debug|Any CPU.ActiveCfg = Debug|Any CPU
		{9172A1CA-C043-478B-A2D1-1C6961DB99D7}.Debug|Any CPU.Build.0 = Debug|Any CPU
		{9172A1CA-C043-478B-A2D1-1C6961DB99D7}.Release|Any CPU.ActiveCfg = Release|Any CPU
		{9172A1CA-C043-478B-A2D1-1C6961DB99D7}.Release|Any CPU.Build.0 = Release|Any CPU
		{61325E5F-FA6B-43C9-A96B-2BF3A6479944}.Debug|Any CPU.ActiveCfg = Debug|Any CPU
		{61325E5F-FA6B-43C9-A96B-2BF3A6479944}.Debug|Any CPU.Build.0 = Debug|Any CPU
		{61325E5F-FA6B-43C9-A96B-2BF3A6479944}.Release|Any CPU.ActiveCfg = Release|Any CPU
		{61325E5F-FA6B-43C9-A96B-2BF3A6479944}.Release|Any CPU.Build.0 = Release|Any CPU
		{E62BD306-4F80-40C7-ACDC-21C2D24489DC}.Debug|Any CPU.ActiveCfg = Debug|Any CPU
		{E62BD306-4F80-40C7-ACDC-21C2D24489DC}.Debug|Any CPU.Build.0 = Debug|Any CPU
		{E62BD306-4F80-40C7-ACDC-21C2D24489DC}.Release|Any CPU.ActiveCfg = Release|Any CPU
		{E62BD306-4F80-40C7-ACDC-21C2D24489DC}.Release|Any CPU.Build.0 = Release|Any CPU
		{824D2CB9-7BFE-4AAF-A6EC-2F24B77AECE3}.Debug|Any CPU.ActiveCfg = Debug|Any CPU
		{824D2CB9-7BFE-4AAF-A6EC-2F24B77AECE3}.Debug|Any CPU.Build.0 = Debug|Any CPU
		{824D2CB9-7BFE-4AAF-A6EC-2F24B77AECE3}.Release|Any CPU.ActiveCfg = Release|Any CPU
		{824D2CB9-7BFE-4AAF-A6EC-2F24B77AECE3}.Release|Any CPU.Build.0 = Release|Any CPU
		{9D9AB28F-0ACA-471D-BB88-BF793CA088B7}.Debug|Any CPU.ActiveCfg = Debug|Any CPU
		{9D9AB28F-0ACA-471D-BB88-BF793CA088B7}.Debug|Any CPU.Build.0 = Debug|Any CPU
		{9D9AB28F-0ACA-471D-BB88-BF793CA088B7}.Release|Any CPU.ActiveCfg = Release|Any CPU
		{9D9AB28F-0ACA-471D-BB88-BF793CA088B7}.Release|Any CPU.Build.0 = Release|Any CPU
	EndGlobalSection
	GlobalSection(SolutionProperties) = preSolution
		HideSolutionNode = FALSE
	EndGlobalSection
	GlobalSection(NestedProjects) = preSolution
		{FE6B5C9D-1A86-43E9-9B5E-55A4F060A7A6} = {02EA681E-C7D8-13C7-8484-4AC65E1B71E8}
		{21D4D7F0-CF3B-459E-8E5F-41A41DF6DABD} = {FE6B5C9D-1A86-43E9-9B5E-55A4F060A7A6}
		{7A859723-1323-43AD-AE61-DA33B2EF5F33} = {26DC4F44-9E8B-429E-873A-0F865F8BEF1E}
		{A1ADCACC-4DE3-4C61-9A76-7C2E68115ACB} = {02EA681E-C7D8-13C7-8484-4AC65E1B71E8}
		{67C29593-C383-466A-B2E6-0E0E0406E638} = {A1ADCACC-4DE3-4C61-9A76-7C2E68115ACB}
		{67D1186D-A5F2-43A7-8B87-0086BA2D0DEB} = {02EA681E-C7D8-13C7-8484-4AC65E1B71E8}
		{A6D371C7-878C-4707-8200-7A4921DAB38F} = {67D1186D-A5F2-43A7-8B87-0086BA2D0DEB}
		{679D3128-00B8-4A29-BD80-50A55BD2D6DD} = {02EA681E-C7D8-13C7-8484-4AC65E1B71E8}
		{ACEBB4B6-936E-4E57-A772-5FAB11F05625} = {679D3128-00B8-4A29-BD80-50A55BD2D6DD}
		{71872570-460B-4CAA-A961-F454148A9E51} = {679D3128-00B8-4A29-BD80-50A55BD2D6DD}
		{9172A1CA-C043-478B-A2D1-1C6961DB99D7} = {679D3128-00B8-4A29-BD80-50A55BD2D6DD}
		{61325E5F-FA6B-43C9-A96B-2BF3A6479944} = {679D3128-00B8-4A29-BD80-50A55BD2D6DD}
		{E62BD306-4F80-40C7-ACDC-21C2D24489DC} = {26DC4F44-9E8B-429E-873A-0F865F8BEF1E}
		{824D2CB9-7BFE-4AAF-A6EC-2F24B77AECE3} = {3B013E92-3416-4C8D-AE6E-ED0AEB606FAD}
		{9D9AB28F-0ACA-471D-BB88-BF793CA088B7} = {FEC2C0A1-E70C-4951-AB2A-4B5AEAE71DBF}
	EndGlobalSection
	GlobalSection(ExtensibilityGlobals) = postSolution
		SolutionGuid = {C6263916-ECD8-4121-AED7-23BC9297A5BD}
	EndGlobalSection
EndGlobal
