
Microsoft Visual Studio Solution File, Format Version 12.00
# Visual Studio Version 17
VisualStudioVersion = 17.11.35312.102
MinimumVisualStudioVersion = 10.0.40219.1
Project("{9A19103F-16F7-4668-BE54-9A1E7A4F7556}") = "MultiDatabase", "MultiDatabase\MultiDatabase.csproj", "{5D7B44E2-0098-4449-BB54-65B86F043D01}"
EndProject
Project("{FAE04EC0-301F-11D3-BF4B-00C04F79EFBC}") = "TestProject", "TestProject\TestProject.csproj", "{7DD01C1F-719D-4B9E-B216-6383BD8623BF}"
EndProject
Global
	GlobalSection(SolutionConfigurationPlatforms) = preSolution
		Debug|Any CPU = Debug|Any CPU
		Release|Any CPU = Release|Any CPU
	EndGlobalSection
	GlobalSection(ProjectConfigurationPlatforms) = postSolution
		{5D7B44E2-0098-4449-BB54-65B86F043D01}.Debug|Any CPU.ActiveCfg = Debug|Any CPU
		{5D7B44E2-0098-4449-BB54-65B86F043D01}.Debug|Any CPU.Build.0 = Debug|Any CPU
		{5D7B44E2-0098-4449-BB54-65B86F043D01}.Release|Any CPU.ActiveCfg = Release|Any CPU
		{5D7B44E2-0098-4449-BB54-65B86F043D01}.Release|Any CPU.Build.0 = Release|Any CPU
		{7DD01C1F-719D-4B9E-B216-6383BD8623BF}.Debug|Any CPU.ActiveCfg = Debug|Any CPU
		{7DD01C1F-719D-4B9E-B216-6383BD8623BF}.Debug|Any CPU.Build.0 = Debug|Any CPU
		{7DD01C1F-719D-4B9E-B216-6383BD8623BF}.Release|Any CPU.ActiveCfg = Release|Any CPU
		{7DD01C1F-719D-4B9E-B216-6383BD8623BF}.Release|Any CPU.Build.0 = Release|Any CPU
	EndGlobalSection
	GlobalSection(SolutionProperties) = preSolution
		HideSolutionNode = FALSE
	EndGlobalSection
	GlobalSection(ExtensibilityGlobals) = postSolution
		SolutionGuid = {18EEAE1B-348A-401A-8F4B-0298D37C4BF5}
	EndGlobalSection
EndGlobal
